
Microsoft Visual Studio Solution File, Format Version 12.00
# Visual Studio Version 17
VisualStudioVersion = 17.8.34601.278
MinimumVisualStudioVersion = 10.0.40219.1
Project("{FAE04EC0-301F-11D3-BF4B-00C04F79EFBC}") = "ClassLibrary", "ClassLibrary\ClassLibrary.csproj", "{AD8B920B-52D2-49E6-ACCC-CC1306585367}"
EndProject
Project("{FAE04EC0-301F-11D3-BF4B-00C04F79EFBC}") = "ClassLibraryTests", "ClassLibraryTests\ClassLibraryTests.csproj", "{9441E292-F13F-40E9-92CC-3AB7A17CC054}"
EndProject
Global
	GlobalSection(SolutionConfigurationPlatforms) = preSolution
		Debug|Any CPU = Debug|Any CPU
		Release|Any CPU = Release|Any CPU
	EndGlobalSection
	GlobalSection(ProjectConfigurationPlatforms) = postSolution
		{AD8B920B-52D2-49E6-ACCC-CC1306585367}.Debug|Any CPU.ActiveCfg = Debug|Any CPU
		{AD8B920B-52D2-49E6-ACCC-CC1306585367}.Debug|Any CPU.Build.0 = Debug|Any CPU
		{AD8B920B-52D2-49E6-ACCC-CC1306585367}.Release|Any CPU.ActiveCfg = Release|Any CPU
		{AD8B920B-52D2-49E6-ACCC-CC1306585367}.Release|Any CPU.Build.0 = Release|Any CPU
		{9441E292-F13F-40E9-92CC-3AB7A17CC054}.Debug|Any CPU.ActiveCfg = Debug|Any CPU
		{9441E292-F13F-40E9-92CC-3AB7A17CC054}.Debug|Any CPU.Build.0 = Debug|Any CPU
		{9441E292-F13F-40E9-92CC-3AB7A17CC054}.Release|Any CPU.ActiveCfg = Release|Any CPU
		{9441E292-F13F-40E9-92CC-3AB7A17CC054}.Release|Any CPU.Build.0 = Release|Any CPU
	EndGlobalSection
	GlobalSection(SolutionProperties) = preSolution
		HideSolutionNode = FALSE
	EndGlobalSection
	GlobalSection(ExtensibilityGlobals) = postSolution
		SolutionGuid = {C5B2EDD5-C5C9-4EEB-A85E-2F1EF2B38FDD}
	EndGlobalSection
EndGlobal
